
Microsoft Visual Studio Solution File, Format Version 12.00
# Visual Studio Version 17
VisualStudioVersion = 17.5.33516.290
MinimumVisualStudioVersion = 10.0.40219.1
Project("{9A19103F-16F7-4668-BE54-9A1E7A4F7556}") = "sharepoint", "sharepoint\sharepoint.csproj", "{3C0F60EE-7FFB-4C73-9150-3511F65FBC89}"
EndProject
Global
	GlobalSection(SolutionConfigurationPlatforms) = preSolution
		Debug|Any CPU = Debug|Any CPU
		Release|Any CPU = Release|Any CPU
	EndGlobalSection
	GlobalSection(ProjectConfigurationPlatforms) = postSolution
		{3C0F60EE-7FFB-4C73-9150-3511F65FBC89}.Debug|Any CPU.ActiveCfg = Debug|Any CPU
		{3C0F60EE-7FFB-4C73-9150-3511F65FBC89}.Debug|Any CPU.Build.0 = Debug|Any CPU
		{3C0F60EE-7FFB-4C73-9150-3511F65FBC89}.Release|Any CPU.ActiveCfg = Release|Any CPU
		{3C0F60EE-7FFB-4C73-9150-3511F65FBC89}.Release|Any CPU.Build.0 = Release|Any CPU
	EndGlobalSection
	GlobalSection(SolutionProperties) = preSolution
		HideSolutionNode = FALSE
	EndGlobalSection
	GlobalSection(ExtensibilityGlobals) = postSolution
		SolutionGuid = {891B09F8-42DD-43A4-A99B-C308B701C243}
	EndGlobalSection
EndGlobal
